// !$*UTF8*$!
{
	archiveVersion = 1;
	classes = {
	};
	objectVersion = 48;
	objects = {

/* Begin PBXBuildFile section */
		F106075C204B9ECE00FB3AE2 /* AppDelegate.swift in Sources */ = {isa = PBXBuildFile; fileRef = F106075B204B9ECE00FB3AE2 /* AppDelegate.swift */; };
		F1060761204B9ECE00FB3AE2 /* Main.storyboard in Resources */ = {isa = PBXBuildFile; fileRef = F106075F204B9ECE00FB3AE2 /* Main.storyboard */; };
		F1060763204B9ECE00FB3AE2 /* Assets.xcassets in Resources */ = {isa = PBXBuildFile; fileRef = F1060762204B9ECE00FB3AE2 /* Assets.xcassets */; };
		F1060766204B9ECE00FB3AE2 /* LaunchScreen.storyboard in Resources */ = {isa = PBXBuildFile; fileRef = F1060764204B9ECE00FB3AE2 /* LaunchScreen.storyboard */; };
		F1060771204B9ECF00FB3AE2 /* WorldTrotterTests.swift in Sources */ = {isa = PBXBuildFile; fileRef = F1060770204B9ECF00FB3AE2 /* WorldTrotterTests.swift */; };
		F106077C204B9ECF00FB3AE2 /* WorldTrotterUITests.swift in Sources */ = {isa = PBXBuildFile; fileRef = F106077B204B9ECF00FB3AE2 /* WorldTrotterUITests.swift */; };
		F106078A204DA30300FB3AE2 /* ConversionViewController.swift in Sources */ = {isa = PBXBuildFile; fileRef = F1060789204DA30300FB3AE2 /* ConversionViewController.swift */; };
/* End PBXBuildFile section */

/* Begin PBXContainerItemProxy section */
		F106076D204B9ECF00FB3AE2 /* PBXContainerItemProxy */ = {
			isa = PBXContainerItemProxy;
			containerPortal = F1060750204B9ECE00FB3AE2 /* Project object */;
			proxyType = 1;
			remoteGlobalIDString = F1060757204B9ECE00FB3AE2;
			remoteInfo = WorldTrotter;
		};
		F1060778204B9ECF00FB3AE2 /* PBXContainerItemProxy */ = {
			isa = PBXContainerItemProxy;
			containerPortal = F1060750204B9ECE00FB3AE2 /* Project object */;
			proxyType = 1;
			remoteGlobalIDString = F1060757204B9ECE00FB3AE2;
			remoteInfo = WorldTrotter;
		};
/* End PBXContainerItemProxy section */

/* Begin PBXFileReference section */
		F1060758204B9ECE00FB3AE2 /* WorldTrotter.app */ = {isa = PBXFileReference; explicitFileType = wrapper.application; includeInIndex = 0; path = WorldTrotter.app; sourceTree = BUILT_PRODUCTS_DIR; };
		F106075B204B9ECE00FB3AE2 /* AppDelegate.swift */ = {isa = PBXFileReference; lastKnownFileType = sourcecode.swift; path = AppDelegate.swift; sourceTree = "<group>"; };
		F1060760204B9ECE00FB3AE2 /* Base */ = {isa = PBXFileReference; lastKnownFileType = file.storyboard; name = Base; path = Base.lproj/Main.storyboard; sourceTree = "<group>"; };
		F1060762204B9ECE00FB3AE2 /* Assets.xcassets */ = {isa = PBXFileReference; lastKnownFileType = folder.assetcatalog; path = Assets.xcassets; sourceTree = "<group>"; };
		F1060765204B9ECE00FB3AE2 /* Base */ = {isa = PBXFileReference; lastKnownFileType = file.storyboard; name = Base; path = Base.lproj/LaunchScreen.storyboard; sourceTree = "<group>"; };
		F1060767204B9ECF00FB3AE2 /* Info.plist */ = {isa = PBXFileReference; lastKnownFileType = text.plist.xml; path = Info.plist; sourceTree = "<group>"; };
		F106076C204B9ECF00FB3AE2 /* WorldTrotterTests.xctest */ = {isa = PBXFileReference; explicitFileType = wrapper.cfbundle; includeInIndex = 0; path = WorldTrotterTests.xctest; sourceTree = BUILT_PRODUCTS_DIR; };
		F1060770204B9ECF00FB3AE2 /* WorldTrotterTests.swift */ = {isa = PBXFileReference; lastKnownFileType = sourcecode.swift; path = WorldTrotterTests.swift; sourceTree = "<group>"; };
		F1060772204B9ECF00FB3AE2 /* Info.plist */ = {isa = PBXFileReference; lastKnownFileType = text.plist.xml; path = Info.plist; sourceTree = "<group>"; };
		F1060777204B9ECF00FB3AE2 /* WorldTrotterUITests.xctest */ = {isa = PBXFileReference; explicitFileType = wrapper.cfbundle; includeInIndex = 0; path = WorldTrotterUITests.xctest; sourceTree = BUILT_PRODUCTS_DIR; };
		F106077B204B9ECF00FB3AE2 /* WorldTrotterUITests.swift */ = {isa = PBXFileReference; lastKnownFileType = sourcecode.swift; path = WorldTrotterUITests.swift; sourceTree = "<group>"; };
		F106077D204B9ECF00FB3AE2 /* Info.plist */ = {isa = PBXFileReference; lastKnownFileType = text.plist.xml; path = Info.plist; sourceTree = "<group>"; };
		F1060789204DA30300FB3AE2 /* ConversionViewController.swift */ = {isa = PBXFileReference; lastKnownFileType = sourcecode.swift; path = ConversionViewController.swift; sourceTree = "<group>"; };
/* End PBXFileReference section */

/* Begin PBXFrameworksBuildPhase section */
		F1060755204B9ECE00FB3AE2 /* Frameworks */ = {
			isa = PBXFrameworksBuildPhase;
			buildActionMask = 2147483647;
			files = (
			);
			runOnlyForDeploymentPostprocessing = 0;
		};
		F1060769204B9ECF00FB3AE2 /* Frameworks */ = {
			isa = PBXFrameworksBuildPhase;
			buildActionMask = 2147483647;
			files = (
			);
			runOnlyForDeploymentPostprocessing = 0;
		};
		F1060774204B9ECF00FB3AE2 /* Frameworks */ = {
			isa = PBXFrameworksBuildPhase;
			buildActionMask = 2147483647;
			files = (
			);
			runOnlyForDeploymentPostprocessing = 0;
		};
/* End PBXFrameworksBuildPhase section */

/* Begin PBXGroup section */
		F106074F204B9ECE00FB3AE2 = {
			isa = PBXGroup;
			children = (
				F106075A204B9ECE00FB3AE2 /* WorldTrotter */,
				F106076F204B9ECF00FB3AE2 /* WorldTrotterTests */,
				F106077A204B9ECF00FB3AE2 /* WorldTrotterUITests */,
				F1060759204B9ECE00FB3AE2 /* Products */,
			);
			sourceTree = "<group>";
		};
		F1060759204B9ECE00FB3AE2 /* Products */ = {
			isa = PBXGroup;
			children = (
				F1060758204B9ECE00FB3AE2 /* WorldTrotter.app */,
				F106076C204B9ECF00FB3AE2 /* WorldTrotterTests.xctest */,
				F1060777204B9ECF00FB3AE2 /* WorldTrotterUITests.xctest */,
			);
			name = Products;
			sourceTree = "<group>";
		};
		F106075A204B9ECE00FB3AE2 /* WorldTrotter */ = {
			isa = PBXGroup;
			children = (
				F1060789204DA30300FB3AE2 /* ConversionViewController.swift */,
				F106075B204B9ECE00FB3AE2 /* AppDelegate.swift */,
				F106075F204B9ECE00FB3AE2 /* Main.storyboard */,
				F1060762204B9ECE00FB3AE2 /* Assets.xcassets */,
				F1060764204B9ECE00FB3AE2 /* LaunchScreen.storyboard */,
				F1060767204B9ECF00FB3AE2 /* Info.plist */,
			);
			path = WorldTrotter;
			sourceTree = "<group>";
		};
		F106076F204B9ECF00FB3AE2 /* WorldTrotterTests */ = {
			isa = PBXGroup;
			children = (
				F1060770204B9ECF00FB3AE2 /* WorldTrotterTests.swift */,
				F1060772204B9ECF00FB3AE2 /* Info.plist */,
			);
			path = WorldTrotterTests;
			sourceTree = "<group>";
		};
		F106077A204B9ECF00FB3AE2 /* WorldTrotterUITests */ = {
			isa = PBXGroup;
			children = (
				F106077B204B9ECF00FB3AE2 /* WorldTrotterUITests.swift */,
				F106077D204B9ECF00FB3AE2 /* Info.plist */,
			);
			path = WorldTrotterUITests;
			sourceTree = "<group>";
		};
/* End PBXGroup section */

/* Begin PBXNativeTarget section */
		F1060757204B9ECE00FB3AE2 /* WorldTrotter */ = {
			isa = PBXNativeTarget;
			buildConfigurationList = F1060780204B9ECF00FB3AE2 /* Build configuration list for PBXNativeTarget "WorldTrotter" */;
			buildPhases = (
				F1060754204B9ECE00FB3AE2 /* Sources */,
				F1060755204B9ECE00FB3AE2 /* Frameworks */,
				F1060756204B9ECE00FB3AE2 /* Resources */,
			);
			buildRules = (
			);
			dependencies = (
			);
			name = WorldTrotter;
			productName = WorldTrotter;
			productReference = F1060758204B9ECE00FB3AE2 /* WorldTrotter.app */;
			productType = "com.apple.product-type.application";
		};
		F106076B204B9ECF00FB3AE2 /* WorldTrotterTests */ = {
			isa = PBXNativeTarget;
			buildConfigurationList = F1060783204B9ECF00FB3AE2 /* Build configuration list for PBXNativeTarget "WorldTrotterTests" */;
			buildPhases = (
				F1060768204B9ECF00FB3AE2 /* Sources */,
				F1060769204B9ECF00FB3AE2 /* Frameworks */,
				F106076A204B9ECF00FB3AE2 /* Resources */,
			);
			buildRules = (
			);
			dependencies = (
				F106076E204B9ECF00FB3AE2 /* PBXTargetDependency */,
			);
			name = WorldTrotterTests;
			productName = WorldTrotterTests;
			productReference = F106076C204B9ECF00FB3AE2 /* WorldTrotterTests.xctest */;
			productType = "com.apple.product-type.bundle.unit-test";
		};
		F1060776204B9ECF00FB3AE2 /* WorldTrotterUITests */ = {
			isa = PBXNativeTarget;
			buildConfigurationList = F1060786204B9ECF00FB3AE2 /* Build configuration list for PBXNativeTarget "WorldTrotterUITests" */;
			buildPhases = (
				F1060773204B9ECF00FB3AE2 /* Sources */,
				F1060774204B9ECF00FB3AE2 /* Frameworks */,
				F1060775204B9ECF00FB3AE2 /* Resources */,
			);
			buildRules = (
			);
			dependencies = (
				F1060779204B9ECF00FB3AE2 /* PBXTargetDependency */,
			);
			name = WorldTrotterUITests;
			productName = WorldTrotterUITests;
			productReference = F1060777204B9ECF00FB3AE2 /* WorldTrotterUITests.xctest */;
			productType = "com.apple.product-type.bundle.ui-testing";
		};
/* End PBXNativeTarget section */

/* Begin PBXProject section */
		F1060750204B9ECE00FB3AE2 /* Project object */ = {
			isa = PBXProject;
			attributes = {
				LastSwiftUpdateCheck = 0920;
				LastUpgradeCheck = 0920;
				ORGANIZATIONNAME = "Michael Overman";
				TargetAttributes = {
					F1060757204B9ECE00FB3AE2 = {
						CreatedOnToolsVersion = 9.2;
						ProvisioningStyle = Automatic;
					};
					F106076B204B9ECF00FB3AE2 = {
						CreatedOnToolsVersion = 9.2;
						ProvisioningStyle = Automatic;
						TestTargetID = F1060757204B9ECE00FB3AE2;
					};
					F1060776204B9ECF00FB3AE2 = {
						CreatedOnToolsVersion = 9.2;
						ProvisioningStyle = Automatic;
						TestTargetID = F1060757204B9ECE00FB3AE2;
					};
				};
			};
			buildConfigurationList = F1060753204B9ECE00FB3AE2 /* Build configuration list for PBXProject "WorldTrotter" */;
			compatibilityVersion = "Xcode 8.0";
			developmentRegion = en;
			hasScannedForEncodings = 0;
			knownRegions = (
				en,
				Base,
			);
			mainGroup = F106074F204B9ECE00FB3AE2;
			productRefGroup = F1060759204B9ECE00FB3AE2 /* Products */;
			projectDirPath = "";
			projectRoot = "";
			targets = (
				F1060757204B9ECE00FB3AE2 /* WorldTrotter */,
				F106076B204B9ECF00FB3AE2 /* WorldTrotterTests */,
				F1060776204B9ECF00FB3AE2 /* WorldTrotterUITests */,
			);
		};
/* End PBXProject section */

/* Begin PBXResourcesBuildPhase section */
		F1060756204B9ECE00FB3AE2 /* Resources */ = {
			isa = PBXResourcesBuildPhase;
			buildActionMask = 2147483647;
			files = (
				F1060766204B9ECE00FB3AE2 /* LaunchScreen.storyboard in Resources */,
				F1060763204B9ECE00FB3AE2 /* Assets.xcassets in Resources */,
				F1060761204B9ECE00FB3AE2 /* Main.storyboard in Resources */,
			);
			runOnlyForDeploymentPostprocessing = 0;
		};
		F106076A204B9ECF00FB3AE2 /* Resources */ = {
			isa = PBXResourcesBuildPhase;
			buildActionMask = 2147483647;
			files = (
			);
			runOnlyForDeploymentPostprocessing = 0;
		};
		F1060775204B9ECF00FB3AE2 /* Resources */ = {
			isa = PBXResourcesBuildPhase;
			buildActionMask = 2147483647;
			files = (
			);
			runOnlyForDeploymentPostprocessing = 0;
		};
/* End PBXResourcesBuildPhase section */

/* Begin PBXSourcesBuildPhase section */
		F1060754204B9ECE00FB3AE2 /* Sources */ = {
			isa = PBXSourcesBuildPhase;
			buildActionMask = 2147483647;
			files = (
				F106078A204DA30300FB3AE2 /* ConversionViewController.swift in Sources */,
				F106075C204B9ECE00FB3AE2 /* AppDelegate.swift in Sources */,
			);
			runOnlyForDeploymentPostprocessing = 0;
		};
		F1060768204B9ECF00FB3AE2 /* Sources */ = {
			isa = PBXSourcesBuildPhase;
			buildActionMask = 2147483647;
			files = (
				F1060771204B9ECF00FB3AE2 /* WorldTrotterTests.swift in Sources */,
			);
			runOnlyForDeploymentPostprocessing = 0;
		};
		F1060773204B9ECF00FB3AE2 /* Sources */ = {
			isa = PBXSourcesBuildPhase;
			buildActionMask = 2147483647;
			files = (
				F106077C204B9ECF00FB3AE2 /* WorldTrotterUITests.swift in Sources */,
			);
			runOnlyForDeploymentPostprocessing = 0;
		};
/* End PBXSourcesBuildPhase section */

/* Begin PBXTargetDependency section */
		F106076E204B9ECF00FB3AE2 /* PBXTargetDependency */ = {
			isa = PBXTargetDependency;
			target = F1060757204B9ECE00FB3AE2 /* WorldTrotter */;
			targetProxy = F106076D204B9ECF00FB3AE2 /* PBXContainerItemProxy */;
		};
		F1060779204B9ECF00FB3AE2 /* PBXTargetDependency */ = {
			isa = PBXTargetDependency;
			target = F1060757204B9ECE00FB3AE2 /* WorldTrotter */;
			targetProxy = F1060778204B9ECF00FB3AE2 /* PBXContainerItemProxy */;
		};
/* End PBXTargetDependency section */

/* Begin PBXVariantGroup section */
		F106075F204B9ECE00FB3AE2 /* Main.storyboard */ = {
			isa = PBXVariantGroup;
			children = (
				F1060760204B9ECE00FB3AE2 /* Base */,
			);
			name = Main.storyboard;
			sourceTree = "<group>";
		};
		F1060764204B9ECE00FB3AE2 /* LaunchScreen.storyboard */ = {
			isa = PBXVariantGroup;
			children = (
				F1060765204B9ECE00FB3AE2 /* Base */,
			);
			name = LaunchScreen.storyboard;
			sourceTree = "<group>";
		};
/* End PBXVariantGroup section */

/* Begin XCBuildConfiguration section */
		F106077E204B9ECF00FB3AE2 /* Debug */ = {
			isa = XCBuildConfiguration;
			buildSettings = {
				ALWAYS_SEARCH_USER_PATHS = NO;
				CLANG_ANALYZER_NONNULL = YES;
				CLANG_ANALYZER_NUMBER_OBJECT_CONVERSION = YES_AGGRESSIVE;
				CLANG_CXX_LANGUAGE_STANDARD = "gnu++14";
				CLANG_CXX_LIBRARY = "libc++";
				CLANG_ENABLE_MODULES = YES;
				CLANG_ENABLE_OBJC_ARC = YES;
				CLANG_WARN_BLOCK_CAPTURE_AUTORELEASING = YES;
				CLANG_WARN_BOOL_CONVERSION = YES;
				CLANG_WARN_COMMA = YES;
				CLANG_WARN_CONSTANT_CONVERSION = YES;
				CLANG_WARN_DIRECT_OBJC_ISA_USAGE = YES_ERROR;
				CLANG_WARN_DOCUMENTATION_COMMENTS = YES;
				CLANG_WARN_EMPTY_BODY = YES;
				CLANG_WARN_ENUM_CONVERSION = YES;
				CLANG_WARN_INFINITE_RECURSION = YES;
				CLANG_WARN_INT_CONVERSION = YES;
				CLANG_WARN_NON_LITERAL_NULL_CONVERSION = YES;
				CLANG_WARN_OBJC_LITERAL_CONVERSION = YES;
				CLANG_WARN_OBJC_ROOT_CLASS = YES_ERROR;
				CLANG_WARN_RANGE_LOOP_ANALYSIS = YES;
				CLANG_WARN_STRICT_PROTOTYPES = YES;
				CLANG_WARN_SUSPICIOUS_MOVE = YES;
				CLANG_WARN_UNGUARDED_AVAILABILITY = YES_AGGRESSIVE;
				CLANG_WARN_UNREACHABLE_CODE = YES;
				CLANG_WARN__DUPLICATE_METHOD_MATCH = YES;
				CODE_SIGN_IDENTITY = "iPhone Developer";
				COPY_PHASE_STRIP = NO;
				DEBUG_INFORMATION_FORMAT = dwarf;
				ENABLE_STRICT_OBJC_MSGSEND = YES;
				ENABLE_TESTABILITY = YES;
				GCC_C_LANGUAGE_STANDARD = gnu11;
				GCC_DYNAMIC_NO_PIC = NO;
				GCC_NO_COMMON_BLOCKS = YES;
				GCC_OPTIMIZATION_LEVEL = 0;
				GCC_PREPROCESSOR_DEFINITIONS = (
					"DEBUG=1",
					"$(inherited)",
				);
				GCC_WARN_64_TO_32_BIT_CONVERSION = YES;
				GCC_WARN_ABOUT_RETURN_TYPE = YES_ERROR;
				GCC_WARN_UNDECLARED_SELECTOR = YES;
				GCC_WARN_UNINITIALIZED_AUTOS = YES_AGGRESSIVE;
				GCC_WARN_UNUSED_FUNCTION = YES;
				GCC_WARN_UNUSED_VARIABLE = YES;
				IPHONEOS_DEPLOYMENT_TARGET = 11.2;
				MTL_ENABLE_DEBUG_INFO = YES;
				ONLY_ACTIVE_ARCH = YES;
				SDKROOT = iphoneos;
				SWIFT_ACTIVE_COMPILATION_CONDITIONS = DEBUG;
				SWIFT_OPTIMIZATION_LEVEL = "-Onone";
			};
			name = Debug;
		};
		F106077F204B9ECF00FB3AE2 /* Release */ = {
			isa = XCBuildConfiguration;
			buildSettings = {
				ALWAYS_SEARCH_USER_PATHS = NO;
				CLANG_ANALYZER_NONNULL = YES;
				CLANG_ANALYZER_NUMBER_OBJECT_CONVERSION = YES_AGGRESSIVE;
				CLANG_CXX_LANGUAGE_STANDARD = "gnu++14";
				CLANG_CXX_LIBRARY = "libc++";
				CLANG_ENABLE_MODULES = YES;
				CLANG_ENABLE_OBJC_ARC = YES;
				CLANG_WARN_BLOCK_CAPTURE_AUTORELEASING = YES;
				CLANG_WARN_BOOL_CONVERSION = YES;
				CLANG_WARN_COMMA = YES;
				CLANG_WARN_CONSTANT_CONVERSION = YES;
				CLANG_WARN_DIRECT_OBJC_ISA_USAGE = YES_ERROR;
				CLANG_WARN_DOCUMENTATION_COMMENTS = YES;
				CLANG_WARN_EMPTY_BODY = YES;
				CLANG_WARN_ENUM_CONVERSION = YES;
				CLANG_WARN_INFINITE_RECURSION = YES;
				CLANG_WARN_INT_CONVERSION = YES;
				CLANG_WARN_NON_LITERAL_NULL_CONVERSION = YES;
				CLANG_WARN_OBJC_LITERAL_CONVERSION = YES;
				CLANG_WARN_OBJC_ROOT_CLASS = YES_ERROR;
				CLANG_WARN_RANGE_LOOP_ANALYSIS = YES;
				CLANG_WARN_STRICT_PROTOTYPES = YES;
				CLANG_WARN_SUSPICIOUS_MOVE = YES;
				CLANG_WARN_UNGUARDED_AVAILABILITY = YES_AGGRESSIVE;
				CLANG_WARN_UNREACHABLE_CODE = YES;
				CLANG_WARN__DUPLICATE_METHOD_MATCH = YES;
				CODE_SIGN_IDENTITY = "iPhone Developer";
				COPY_PHASE_STRIP = NO;
				DEBUG_INFORMATION_FORMAT = "dwarf-with-dsym";
				ENABLE_NS_ASSERTIONS = NO;
				ENABLE_STRICT_OBJC_MSGSEND = YES;
				GCC_C_LANGUAGE_STANDARD = gnu11;
				GCC_NO_COMMON_BLOCKS = YES;
				GCC_WARN_64_TO_32_BIT_CONVERSION = YES;
				GCC_WARN_ABOUT_RETURN_TYPE = YES_ERROR;
				GCC_WARN_UNDECLARED_SELECTOR = YES;
				GCC_WARN_UNINITIALIZED_AUTOS = YES_AGGRESSIVE;
				GCC_WARN_UNUSED_FUNCTION = YES;
				GCC_WARN_UNUSED_VARIABLE = YES;
				IPHONEOS_DEPLOYMENT_TARGET = 11.2;
				MTL_ENABLE_DEBUG_INFO = NO;
				SDKROOT = iphoneos;
				SWIFT_OPTIMIZATION_LEVEL = "-Owholemodule";
				VALIDATE_PRODUCT = YES;
			};
			name = Release;
		};
		F1060781204B9ECF00FB3AE2 /* Debug */ = {
			isa = XCBuildConfiguration;
			buildSettings = {
				ASSETCATALOG_COMPILER_APPICON_NAME = AppIcon;
				CODE_SIGN_STYLE = Automatic;
				INFOPLIST_FILE = WorldTrotter/Info.plist;
				LD_RUNPATH_SEARCH_PATHS = "$(inherited) @executable_path/Frameworks";
				PRODUCT_BUNDLE_IDENTIFIER = tech.nohands.WorldTrotter;
				PRODUCT_NAME = "$(TARGET_NAME)";
				SWIFT_VERSION = 4.0;
				TARGETED_DEVICE_FAMILY = "1,2";
			};
			name = Debug;
		};
		F1060782204B9ECF00FB3AE2 /* Release */ = {
			isa = XCBuildConfiguration;
			buildSettings = {
				ASSETCATALOG_COMPILER_APPICON_NAME = AppIcon;
				CODE_SIGN_STYLE = Automatic;
				INFOPLIST_FILE = WorldTrotter/Info.plist;
				LD_RUNPATH_SEARCH_PATHS = "$(inherited) @executable_path/Frameworks";
				PRODUCT_BUNDLE_IDENTIFIER = tech.nohands.WorldTrotter;
				PRODUCT_NAME = "$(TARGET_NAME)";
				SWIFT_VERSION = 4.0;
				TARGETED_DEVICE_FAMILY = "1,2";
			};
			name = Release;
		};
		F1060784204B9ECF00FB3AE2 /* Debug */ = {
			isa = XCBuildConfiguration;
			buildSettings = {
				ALWAYS_EMBED_SWIFT_STANDARD_LIBRARIES = YES;
				BUNDLE_LOADER = "$(TEST_HOST)";
				CODE_SIGN_STYLE = Automatic;
				INFOPLIST_FILE = WorldTrotterTests/Info.plist;
				LD_RUNPATH_SEARCH_PATHS = "$(inherited) @executable_path/Frameworks @loader_path/Frameworks";
				PRODUCT_BUNDLE_IDENTIFIER = tech.nohands.WorldTrotterTests;
				PRODUCT_NAME = "$(TARGET_NAME)";
				SWIFT_VERSION = 4.0;
				TARGETED_DEVICE_FAMILY = "1,2";
				TEST_HOST = "$(BUILT_PRODUCTS_DIR)/WorldTrotter.app/WorldTrotter";
			};
			name = Debug;
		};
		F1060785204B9ECF00FB3AE2 /* Release */ = {
			isa = XCBuildConfiguration;
			buildSettings = {
				ALWAYS_EMBED_SWIFT_STANDARD_LIBRARIES = YES;
				BUNDLE_LOADER = "$(TEST_HOST)";
				CODE_SIGN_STYLE = Automatic;
				INFOPLIST_FILE = WorldTrotterTests/Info.plist;
				LD_RUNPATH_SEARCH_PATHS = "$(inherited) @executable_path/Frameworks @loader_path/Frameworks";
				PRODUCT_BUNDLE_IDENTIFIER = tech.nohands.WorldTrotterTests;
				PRODUCT_NAME = "$(TARGET_NAME)";
				SWIFT_VERSION = 4.0;
				TARGETED_DEVICE_FAMILY = "1,2";
				TEST_HOST = "$(BUILT_PRODUCTS_DIR)/WorldTrotter.app/WorldTrotter";
			};
			name = Release;
		};
		F1060787204B9ECF00FB3AE2 /* Debug */ = {
			isa = XCBuildConfiguration;
			buildSettings = {
				ALWAYS_EMBED_SWIFT_STANDARD_LIBRARIES = YES;
				CODE_SIGN_STYLE = Automatic;
				INFOPLIST_FILE = WorldTrotterUITests/Info.plist;
				LD_RUNPATH_SEARCH_PATHS = "$(inherited) @executable_path/Frameworks @loader_path/Frameworks";
				PRODUCT_BUNDLE_IDENTIFIER = tech.nohands.WorldTrotterUITests;
				PRODUCT_NAME = "$(TARGET_NAME)";
				SWIFT_VERSION = 4.0;
				TARGETED_DEVICE_FAMILY = "1,2";
				TEST_TARGET_NAME = WorldTrotter;
			};
			name = Debug;
		};
		F1060788204B9ECF00FB3AE2 /* Release */ = {
			isa = XCBuildConfiguration;
			buildSettings = {
				ALWAYS_EMBED_SWIFT_STANDARD_LIBRARIES = YES;
				CODE_SIGN_STYLE = Automatic;
				INFOPLIST_FILE = WorldTrotterUITests/Info.plist;
				LD_RUNPATH_SEARCH_PATHS = "$(inherited) @executable_path/Frameworks @loader_path/Frameworks";
				PRODUCT_BUNDLE_IDENTIFIER = tech.nohands.WorldTrotterUITests;
				PRODUCT_NAME = "$(TARGET_NAME)";
				SWIFT_VERSION = 4.0;
				TARGETED_DEVICE_FAMILY = "1,2";
				TEST_TARGET_NAME = WorldTrotter;
			};
			name = Release;
		};
/* End XCBuildConfiguration section */

/* Begin XCConfigurationList section */
		F1060753204B9ECE00FB3AE2 /* Build configuration list for PBXProject "WorldTrotter" */ = {
			isa = XCConfigurationList;
			buildConfigurations = (
				F106077E204B9ECF00FB3AE2 /* Debug */,
				F106077F204B9ECF00FB3AE2 /* Release */,
			);
			defaultConfigurationIsVisible = 0;
			defaultConfigurationName = Release;
		};
		F1060780204B9ECF00FB3AE2 /* Build configuration list for PBXNativeTarget "WorldTrotter" */ = {
			isa = XCConfigurationList;
			buildConfigurations = (
				F1060781204B9ECF00FB3AE2 /* Debug */,
				F1060782204B9ECF00FB3AE2 /* Release */,
			);
			defaultConfigurationIsVisible = 0;
			defaultConfigurationName = Release;
		};
		F1060783204B9ECF00FB3AE2 /* Build configuration list for PBXNativeTarget "WorldTrotterTests" */ = {
			isa = XCConfigurationList;
			buildConfigurations = (
				F1060784204B9ECF00FB3AE2 /* Debug */,
				F1060785204B9ECF00FB3AE2 /* Release */,
			);
			defaultConfigurationIsVisible = 0;
			defaultConfigurationName = Release;
		};
		F1060786204B9ECF00FB3AE2 /* Build configuration list for PBXNativeTarget "WorldTrotterUITests" */ = {
			isa = XCConfigurationList;
			buildConfigurations = (
				F1060787204B9ECF00FB3AE2 /* Debug */,
				F1060788204B9ECF00FB3AE2 /* Release */,
			);
			defaultConfigurationIsVisible = 0;
			defaultConfigurationName = Release;
		};
/* End XCConfigurationList section */
	};
	rootObject = F1060750204B9ECE00FB3AE2 /* Project object */;
}
