// !$*UTF8*$!
{
	archiveVersion = 1;
	classes = {
	};
	objectVersion = 50;
	objects = {

/* Begin PBXBuildFile section */
		F124650E22FFAEDA0022D700 /* AppDelegate.swift in Sources */ = {isa = PBXBuildFile; fileRef = F124650D22FFAEDA0022D700 /* AppDelegate.swift */; };
		F124651322FFAEDA0022D700 /* Main.storyboard in Resources */ = {isa = PBXBuildFile; fileRef = F124651122FFAEDA0022D700 /* Main.storyboard */; };
		F124651522FFAEDB0022D700 /* Assets.xcassets in Resources */ = {isa = PBXBuildFile; fileRef = F124651422FFAEDB0022D700 /* Assets.xcassets */; };
		F124651822FFAEDB0022D700 /* LaunchScreen.storyboard in Resources */ = {isa = PBXBuildFile; fileRef = F124651622FFAEDB0022D700 /* LaunchScreen.storyboard */; };
		F124652322FFAEDB0022D700 /* PhotoramaTests.swift in Sources */ = {isa = PBXBuildFile; fileRef = F124652222FFAEDB0022D700 /* PhotoramaTests.swift */; };
		F124652E22FFAEDB0022D700 /* PhotoramaUITests.swift in Sources */ = {isa = PBXBuildFile; fileRef = F124652D22FFAEDB0022D700 /* PhotoramaUITests.swift */; };
		F124653C22FFAEF70022D700 /* PhotosViewController.swift in Sources */ = {isa = PBXBuildFile; fileRef = F124653B22FFAEF70022D700 /* PhotosViewController.swift */; };
		F124653E22FFC4450022D700 /* FlickrAPI.swift in Sources */ = {isa = PBXBuildFile; fileRef = F124653D22FFC4450022D700 /* FlickrAPI.swift */; };
		F124654022FFCB0D0022D700 /* PhotoStore.swift in Sources */ = {isa = PBXBuildFile; fileRef = F124653F22FFCB0D0022D700 /* PhotoStore.swift */; };
		F1246544230043750022D700 /* PhotoDataSource.swift in Sources */ = {isa = PBXBuildFile; fileRef = F1246543230043750022D700 /* PhotoDataSource.swift */; };
		F1246546230050750022D700 /* PhotoCollectionViewCell.swift in Sources */ = {isa = PBXBuildFile; fileRef = F1246545230050750022D700 /* PhotoCollectionViewCell.swift */; };
		F124654823005F0B0022D700 /* ImageStore.swift in Sources */ = {isa = PBXBuildFile; fileRef = F124654723005F0B0022D700 /* ImageStore.swift */; };
		F124654A2300621B0022D700 /* PhotoInfoViewController.swift in Sources */ = {isa = PBXBuildFile; fileRef = F12465492300621B0022D700 /* PhotoInfoViewController.swift */; };
		F124654D2300D8B70022D700 /* Photorama.xcdatamodeld in Sources */ = {isa = PBXBuildFile; fileRef = F124654B2300D8B70022D700 /* Photorama.xcdatamodeld */; };
		F12465502300D9C30022D700 /* Photo+CoreDataClass.swift in Sources */ = {isa = PBXBuildFile; fileRef = F124654E2300D9C30022D700 /* Photo+CoreDataClass.swift */; };
		F1246553230129420022D700 /* Photo+CoreDataProperties.swift in Sources */ = {isa = PBXBuildFile; fileRef = F1246552230129420022D700 /* Photo+CoreDataProperties.swift */; };
		F124655523012C7D0022D700 /* TagsViewController.swift in Sources */ = {isa = PBXBuildFile; fileRef = F124655423012C7D0022D700 /* TagsViewController.swift */; };
		F124655723012D110022D700 /* TagsDataSource.swift in Sources */ = {isa = PBXBuildFile; fileRef = F124655623012D110022D700 /* TagsDataSource.swift */; };
/* End PBXBuildFile section */

/* Begin PBXContainerItemProxy section */
		F124651F22FFAEDB0022D700 /* PBXContainerItemProxy */ = {
			isa = PBXContainerItemProxy;
			containerPortal = F124650222FFAEDA0022D700 /* Project object */;
			proxyType = 1;
			remoteGlobalIDString = F124650922FFAEDA0022D700;
			remoteInfo = Photorama;
		};
		F124652A22FFAEDB0022D700 /* PBXContainerItemProxy */ = {
			isa = PBXContainerItemProxy;
			containerPortal = F124650222FFAEDA0022D700 /* Project object */;
			proxyType = 1;
			remoteGlobalIDString = F124650922FFAEDA0022D700;
			remoteInfo = Photorama;
		};
/* End PBXContainerItemProxy section */

/* Begin PBXFileReference section */
		F124650A22FFAEDA0022D700 /* Photorama.app */ = {isa = PBXFileReference; explicitFileType = wrapper.application; includeInIndex = 0; path = Photorama.app; sourceTree = BUILT_PRODUCTS_DIR; };
		F124650D22FFAEDA0022D700 /* AppDelegate.swift */ = {isa = PBXFileReference; lastKnownFileType = sourcecode.swift; path = AppDelegate.swift; sourceTree = "<group>"; };
		F124651222FFAEDA0022D700 /* Base */ = {isa = PBXFileReference; lastKnownFileType = file.storyboard; name = Base; path = Base.lproj/Main.storyboard; sourceTree = "<group>"; };
		F124651422FFAEDB0022D700 /* Assets.xcassets */ = {isa = PBXFileReference; lastKnownFileType = folder.assetcatalog; path = Assets.xcassets; sourceTree = "<group>"; };
		F124651722FFAEDB0022D700 /* Base */ = {isa = PBXFileReference; lastKnownFileType = file.storyboard; name = Base; path = Base.lproj/LaunchScreen.storyboard; sourceTree = "<group>"; };
		F124651922FFAEDB0022D700 /* Info.plist */ = {isa = PBXFileReference; lastKnownFileType = text.plist.xml; path = Info.plist; sourceTree = "<group>"; };
		F124651E22FFAEDB0022D700 /* PhotoramaTests.xctest */ = {isa = PBXFileReference; explicitFileType = wrapper.cfbundle; includeInIndex = 0; path = PhotoramaTests.xctest; sourceTree = BUILT_PRODUCTS_DIR; };
		F124652222FFAEDB0022D700 /* PhotoramaTests.swift */ = {isa = PBXFileReference; lastKnownFileType = sourcecode.swift; path = PhotoramaTests.swift; sourceTree = "<group>"; };
		F124652422FFAEDB0022D700 /* Info.plist */ = {isa = PBXFileReference; lastKnownFileType = text.plist.xml; path = Info.plist; sourceTree = "<group>"; };
		F124652922FFAEDB0022D700 /* PhotoramaUITests.xctest */ = {isa = PBXFileReference; explicitFileType = wrapper.cfbundle; includeInIndex = 0; path = PhotoramaUITests.xctest; sourceTree = BUILT_PRODUCTS_DIR; };
		F124652D22FFAEDB0022D700 /* PhotoramaUITests.swift */ = {isa = PBXFileReference; lastKnownFileType = sourcecode.swift; path = PhotoramaUITests.swift; sourceTree = "<group>"; };
		F124652F22FFAEDB0022D700 /* Info.plist */ = {isa = PBXFileReference; lastKnownFileType = text.plist.xml; path = Info.plist; sourceTree = "<group>"; };
		F124653B22FFAEF70022D700 /* PhotosViewController.swift */ = {isa = PBXFileReference; lastKnownFileType = sourcecode.swift; path = PhotosViewController.swift; sourceTree = "<group>"; };
		F124653D22FFC4450022D700 /* FlickrAPI.swift */ = {isa = PBXFileReference; lastKnownFileType = sourcecode.swift; path = FlickrAPI.swift; sourceTree = "<group>"; };
		F124653F22FFCB0D0022D700 /* PhotoStore.swift */ = {isa = PBXFileReference; lastKnownFileType = sourcecode.swift; path = PhotoStore.swift; sourceTree = "<group>"; };
		F1246543230043750022D700 /* PhotoDataSource.swift */ = {isa = PBXFileReference; lastKnownFileType = sourcecode.swift; path = PhotoDataSource.swift; sourceTree = "<group>"; };
		F1246545230050750022D700 /* PhotoCollectionViewCell.swift */ = {isa = PBXFileReference; lastKnownFileType = sourcecode.swift; path = PhotoCollectionViewCell.swift; sourceTree = "<group>"; };
		F124654723005F0B0022D700 /* ImageStore.swift */ = {isa = PBXFileReference; fileEncoding = 4; lastKnownFileType = sourcecode.swift; path = ImageStore.swift; sourceTree = "<group>"; };
		F12465492300621B0022D700 /* PhotoInfoViewController.swift */ = {isa = PBXFileReference; lastKnownFileType = sourcecode.swift; path = PhotoInfoViewController.swift; sourceTree = "<group>"; };
		F124654C2300D8B70022D700 /* Photorama.xcdatamodel */ = {isa = PBXFileReference; lastKnownFileType = wrapper.xcdatamodel; path = Photorama.xcdatamodel; sourceTree = "<group>"; };
		F124654E2300D9C30022D700 /* Photo+CoreDataClass.swift */ = {isa = PBXFileReference; lastKnownFileType = sourcecode.swift; path = "Photo+CoreDataClass.swift"; sourceTree = "<group>"; };
		F1246552230129420022D700 /* Photo+CoreDataProperties.swift */ = {isa = PBXFileReference; lastKnownFileType = sourcecode.swift; name = "Photo+CoreDataProperties.swift"; path = "Photorama/Photo+CoreDataProperties.swift"; sourceTree = "<group>"; };
		F124655423012C7D0022D700 /* TagsViewController.swift */ = {isa = PBXFileReference; lastKnownFileType = sourcecode.swift; path = TagsViewController.swift; sourceTree = "<group>"; };
		F124655623012D110022D700 /* TagsDataSource.swift */ = {isa = PBXFileReference; lastKnownFileType = sourcecode.swift; path = TagsDataSource.swift; sourceTree = "<group>"; };
/* End PBXFileReference section */

/* Begin PBXFrameworksBuildPhase section */
		F124650722FFAEDA0022D700 /* Frameworks */ = {
			isa = PBXFrameworksBuildPhase;
			buildActionMask = 2147483647;
			files = (
			);
			runOnlyForDeploymentPostprocessing = 0;
		};
		F124651B22FFAEDB0022D700 /* Frameworks */ = {
			isa = PBXFrameworksBuildPhase;
			buildActionMask = 2147483647;
			files = (
			);
			runOnlyForDeploymentPostprocessing = 0;
		};
		F124652622FFAEDB0022D700 /* Frameworks */ = {
			isa = PBXFrameworksBuildPhase;
			buildActionMask = 2147483647;
			files = (
			);
			runOnlyForDeploymentPostprocessing = 0;
		};
/* End PBXFrameworksBuildPhase section */

/* Begin PBXGroup section */
		F124650122FFAEDA0022D700 = {
			isa = PBXGroup;
			children = (
				F1246552230129420022D700 /* Photo+CoreDataProperties.swift */,
				F124650C22FFAEDA0022D700 /* Photorama */,
				F124652122FFAEDB0022D700 /* PhotoramaTests */,
				F124652C22FFAEDB0022D700 /* PhotoramaUITests */,
				F124650B22FFAEDA0022D700 /* Products */,
			);
			sourceTree = "<group>";
		};
		F124650B22FFAEDA0022D700 /* Products */ = {
			isa = PBXGroup;
			children = (
				F124650A22FFAEDA0022D700 /* Photorama.app */,
				F124651E22FFAEDB0022D700 /* PhotoramaTests.xctest */,
				F124652922FFAEDB0022D700 /* PhotoramaUITests.xctest */,
			);
			name = Products;
			sourceTree = "<group>";
		};
		F124650C22FFAEDA0022D700 /* Photorama */ = {
			isa = PBXGroup;
			children = (
				F124653B22FFAEF70022D700 /* PhotosViewController.swift */,
				F124654B2300D8B70022D700 /* Photorama.xcdatamodeld */,
				F124654E2300D9C30022D700 /* Photo+CoreDataClass.swift */,
				F124653D22FFC4450022D700 /* FlickrAPI.swift */,
				F124653F22FFCB0D0022D700 /* PhotoStore.swift */,
				F12465492300621B0022D700 /* PhotoInfoViewController.swift */,
				F124654723005F0B0022D700 /* ImageStore.swift */,
				F124650D22FFAEDA0022D700 /* AppDelegate.swift */,
				F124651122FFAEDA0022D700 /* Main.storyboard */,
				F124655423012C7D0022D700 /* TagsViewController.swift */,
				F124655623012D110022D700 /* TagsDataSource.swift */,
				F1246545230050750022D700 /* PhotoCollectionViewCell.swift */,
				F1246543230043750022D700 /* PhotoDataSource.swift */,
				F124651422FFAEDB0022D700 /* Assets.xcassets */,
				F124651622FFAEDB0022D700 /* LaunchScreen.storyboard */,
				F124651922FFAEDB0022D700 /* Info.plist */,
			);
			path = Photorama;
			sourceTree = "<group>";
		};
		F124652122FFAEDB0022D700 /* PhotoramaTests */ = {
			isa = PBXGroup;
			children = (
				F124652222FFAEDB0022D700 /* PhotoramaTests.swift */,
				F124652422FFAEDB0022D700 /* Info.plist */,
			);
			path = PhotoramaTests;
			sourceTree = "<group>";
		};
		F124652C22FFAEDB0022D700 /* PhotoramaUITests */ = {
			isa = PBXGroup;
			children = (
				F124652D22FFAEDB0022D700 /* PhotoramaUITests.swift */,
				F124652F22FFAEDB0022D700 /* Info.plist */,
			);
			path = PhotoramaUITests;
			sourceTree = "<group>";
		};
/* End PBXGroup section */

/* Begin PBXNativeTarget section */
		F124650922FFAEDA0022D700 /* Photorama */ = {
			isa = PBXNativeTarget;
			buildConfigurationList = F124653222FFAEDB0022D700 /* Build configuration list for PBXNativeTarget "Photorama" */;
			buildPhases = (
				F124650622FFAEDA0022D700 /* Sources */,
				F124650722FFAEDA0022D700 /* Frameworks */,
				F124650822FFAEDA0022D700 /* Resources */,
			);
			buildRules = (
			);
			dependencies = (
			);
			name = Photorama;
			productName = Photorama;
			productReference = F124650A22FFAEDA0022D700 /* Photorama.app */;
			productType = "com.apple.product-type.application";
		};
		F124651D22FFAEDB0022D700 /* PhotoramaTests */ = {
			isa = PBXNativeTarget;
			buildConfigurationList = F124653522FFAEDB0022D700 /* Build configuration list for PBXNativeTarget "PhotoramaTests" */;
			buildPhases = (
				F124651A22FFAEDB0022D700 /* Sources */,
				F124651B22FFAEDB0022D700 /* Frameworks */,
				F124651C22FFAEDB0022D700 /* Resources */,
			);
			buildRules = (
			);
			dependencies = (
				F124652022FFAEDB0022D700 /* PBXTargetDependency */,
			);
			name = PhotoramaTests;
			productName = PhotoramaTests;
			productReference = F124651E22FFAEDB0022D700 /* PhotoramaTests.xctest */;
			productType = "com.apple.product-type.bundle.unit-test";
		};
		F124652822FFAEDB0022D700 /* PhotoramaUITests */ = {
			isa = PBXNativeTarget;
			buildConfigurationList = F124653822FFAEDB0022D700 /* Build configuration list for PBXNativeTarget "PhotoramaUITests" */;
			buildPhases = (
				F124652522FFAEDB0022D700 /* Sources */,
				F124652622FFAEDB0022D700 /* Frameworks */,
				F124652722FFAEDB0022D700 /* Resources */,
			);
			buildRules = (
			);
			dependencies = (
				F124652B22FFAEDB0022D700 /* PBXTargetDependency */,
			);
			name = PhotoramaUITests;
			productName = PhotoramaUITests;
			productReference = F124652922FFAEDB0022D700 /* PhotoramaUITests.xctest */;
			productType = "com.apple.product-type.bundle.ui-testing";
		};
/* End PBXNativeTarget section */

/* Begin PBXProject section */
		F124650222FFAEDA0022D700 /* Project object */ = {
			isa = PBXProject;
			attributes = {
				LastSwiftUpdateCheck = 1020;
				LastUpgradeCheck = 1020;
				ORGANIZATIONNAME = "Michael Overman";
				TargetAttributes = {
					F124650922FFAEDA0022D700 = {
						CreatedOnToolsVersion = 10.2.1;
					};
					F124651D22FFAEDB0022D700 = {
						CreatedOnToolsVersion = 10.2.1;
						TestTargetID = F124650922FFAEDA0022D700;
					};
					F124652822FFAEDB0022D700 = {
						CreatedOnToolsVersion = 10.2.1;
						TestTargetID = F124650922FFAEDA0022D700;
					};
				};
			};
			buildConfigurationList = F124650522FFAEDA0022D700 /* Build configuration list for PBXProject "Photorama" */;
			compatibilityVersion = "Xcode 9.3";
			developmentRegion = en;
			hasScannedForEncodings = 0;
			knownRegions = (
				en,
				Base,
			);
			mainGroup = F124650122FFAEDA0022D700;
			productRefGroup = F124650B22FFAEDA0022D700 /* Products */;
			projectDirPath = "";
			projectRoot = "";
			targets = (
				F124650922FFAEDA0022D700 /* Photorama */,
				F124651D22FFAEDB0022D700 /* PhotoramaTests */,
				F124652822FFAEDB0022D700 /* PhotoramaUITests */,
			);
		};
/* End PBXProject section */

/* Begin PBXResourcesBuildPhase section */
		F124650822FFAEDA0022D700 /* Resources */ = {
			isa = PBXResourcesBuildPhase;
			buildActionMask = 2147483647;
			files = (
				F124651822FFAEDB0022D700 /* LaunchScreen.storyboard in Resources */,
				F124651522FFAEDB0022D700 /* Assets.xcassets in Resources */,
				F124651322FFAEDA0022D700 /* Main.storyboard in Resources */,
			);
			runOnlyForDeploymentPostprocessing = 0;
		};
		F124651C22FFAEDB0022D700 /* Resources */ = {
			isa = PBXResourcesBuildPhase;
			buildActionMask = 2147483647;
			files = (
			);
			runOnlyForDeploymentPostprocessing = 0;
		};
		F124652722FFAEDB0022D700 /* Resources */ = {
			isa = PBXResourcesBuildPhase;
			buildActionMask = 2147483647;
			files = (
			);
			runOnlyForDeploymentPostprocessing = 0;
		};
/* End PBXResourcesBuildPhase section */

/* Begin PBXSourcesBuildPhase section */
		F124650622FFAEDA0022D700 /* Sources */ = {
			isa = PBXSourcesBuildPhase;
			buildActionMask = 2147483647;
			files = (
				F12465502300D9C30022D700 /* Photo+CoreDataClass.swift in Sources */,
				F124653E22FFC4450022D700 /* FlickrAPI.swift in Sources */,
				F124653C22FFAEF70022D700 /* PhotosViewController.swift in Sources */,
				F124655723012D110022D700 /* TagsDataSource.swift in Sources */,
				F124654022FFCB0D0022D700 /* PhotoStore.swift in Sources */,
				F124654823005F0B0022D700 /* ImageStore.swift in Sources */,
				F124655523012C7D0022D700 /* TagsViewController.swift in Sources */,
				F1246544230043750022D700 /* PhotoDataSource.swift in Sources */,
				F124654D2300D8B70022D700 /* Photorama.xcdatamodeld in Sources */,
				F1246546230050750022D700 /* PhotoCollectionViewCell.swift in Sources */,
				F1246553230129420022D700 /* Photo+CoreDataProperties.swift in Sources */,
				F124650E22FFAEDA0022D700 /* AppDelegate.swift in Sources */,
				F124654A2300621B0022D700 /* PhotoInfoViewController.swift in Sources */,
			);
			runOnlyForDeploymentPostprocessing = 0;
		};
		F124651A22FFAEDB0022D700 /* Sources */ = {
			isa = PBXSourcesBuildPhase;
			buildActionMask = 2147483647;
			files = (
				F124652322FFAEDB0022D700 /* PhotoramaTests.swift in Sources */,
			);
			runOnlyForDeploymentPostprocessing = 0;
		};
		F124652522FFAEDB0022D700 /* Sources */ = {
			isa = PBXSourcesBuildPhase;
			buildActionMask = 2147483647;
			files = (
				F124652E22FFAEDB0022D700 /* PhotoramaUITests.swift in Sources */,
			);
			runOnlyForDeploymentPostprocessing = 0;
		};
/* End PBXSourcesBuildPhase section */

/* Begin PBXTargetDependency section */
		F124652022FFAEDB0022D700 /* PBXTargetDependency */ = {
			isa = PBXTargetDependency;
			target = F124650922FFAEDA0022D700 /* Photorama */;
			targetProxy = F124651F22FFAEDB0022D700 /* PBXContainerItemProxy */;
		};
		F124652B22FFAEDB0022D700 /* PBXTargetDependency */ = {
			isa = PBXTargetDependency;
			target = F124650922FFAEDA0022D700 /* Photorama */;
			targetProxy = F124652A22FFAEDB0022D700 /* PBXContainerItemProxy */;
		};
/* End PBXTargetDependency section */

/* Begin PBXVariantGroup section */
		F124651122FFAEDA0022D700 /* Main.storyboard */ = {
			isa = PBXVariantGroup;
			children = (
				F124651222FFAEDA0022D700 /* Base */,
			);
			name = Main.storyboard;
			sourceTree = "<group>";
		};
		F124651622FFAEDB0022D700 /* LaunchScreen.storyboard */ = {
			isa = PBXVariantGroup;
			children = (
				F124651722FFAEDB0022D700 /* Base */,
			);
			name = LaunchScreen.storyboard;
			sourceTree = "<group>";
		};
/* End PBXVariantGroup section */

/* Begin XCBuildConfiguration section */
		F124653022FFAEDB0022D700 /* Debug */ = {
			isa = XCBuildConfiguration;
			buildSettings = {
				ALWAYS_SEARCH_USER_PATHS = NO;
				CLANG_ANALYZER_NONNULL = YES;
				CLANG_ANALYZER_NUMBER_OBJECT_CONVERSION = YES_AGGRESSIVE;
				CLANG_CXX_LANGUAGE_STANDARD = "gnu++14";
				CLANG_CXX_LIBRARY = "libc++";
				CLANG_ENABLE_MODULES = YES;
				CLANG_ENABLE_OBJC_ARC = YES;
				CLANG_ENABLE_OBJC_WEAK = YES;
				CLANG_WARN_BLOCK_CAPTURE_AUTORELEASING = YES;
				CLANG_WARN_BOOL_CONVERSION = YES;
				CLANG_WARN_COMMA = YES;
				CLANG_WARN_CONSTANT_CONVERSION = YES;
				CLANG_WARN_DEPRECATED_OBJC_IMPLEMENTATIONS = YES;
				CLANG_WARN_DIRECT_OBJC_ISA_USAGE = YES_ERROR;
				CLANG_WARN_DOCUMENTATION_COMMENTS = YES;
				CLANG_WARN_EMPTY_BODY = YES;
				CLANG_WARN_ENUM_CONVERSION = YES;
				CLANG_WARN_INFINITE_RECURSION = YES;
				CLANG_WARN_INT_CONVERSION = YES;
				CLANG_WARN_NON_LITERAL_NULL_CONVERSION = YES;
				CLANG_WARN_OBJC_IMPLICIT_RETAIN_SELF = YES;
				CLANG_WARN_OBJC_LITERAL_CONVERSION = YES;
				CLANG_WARN_OBJC_ROOT_CLASS = YES_ERROR;
				CLANG_WARN_RANGE_LOOP_ANALYSIS = YES;
				CLANG_WARN_STRICT_PROTOTYPES = YES;
				CLANG_WARN_SUSPICIOUS_MOVE = YES;
				CLANG_WARN_UNGUARDED_AVAILABILITY = YES_AGGRESSIVE;
				CLANG_WARN_UNREACHABLE_CODE = YES;
				CLANG_WARN__DUPLICATE_METHOD_MATCH = YES;
				CODE_SIGN_IDENTITY = "iPhone Developer";
				COPY_PHASE_STRIP = NO;
				DEBUG_INFORMATION_FORMAT = dwarf;
				ENABLE_STRICT_OBJC_MSGSEND = YES;
				ENABLE_TESTABILITY = YES;
				GCC_C_LANGUAGE_STANDARD = gnu11;
				GCC_DYNAMIC_NO_PIC = NO;
				GCC_NO_COMMON_BLOCKS = YES;
				GCC_OPTIMIZATION_LEVEL = 0;
				GCC_PREPROCESSOR_DEFINITIONS = (
					"DEBUG=1",
					"$(inherited)",
				);
				GCC_WARN_64_TO_32_BIT_CONVERSION = YES;
				GCC_WARN_ABOUT_RETURN_TYPE = YES_ERROR;
				GCC_WARN_UNDECLARED_SELECTOR = YES;
				GCC_WARN_UNINITIALIZED_AUTOS = YES_AGGRESSIVE;
				GCC_WARN_UNUSED_FUNCTION = YES;
				GCC_WARN_UNUSED_VARIABLE = YES;
				IPHONEOS_DEPLOYMENT_TARGET = 12.2;
				MTL_ENABLE_DEBUG_INFO = INCLUDE_SOURCE;
				MTL_FAST_MATH = YES;
				ONLY_ACTIVE_ARCH = YES;
				SDKROOT = iphoneos;
				SWIFT_ACTIVE_COMPILATION_CONDITIONS = DEBUG;
				SWIFT_OPTIMIZATION_LEVEL = "-Onone";
			};
			name = Debug;
		};
		F124653122FFAEDB0022D700 /* Release */ = {
			isa = XCBuildConfiguration;
			buildSettings = {
				ALWAYS_SEARCH_USER_PATHS = NO;
				CLANG_ANALYZER_NONNULL = YES;
				CLANG_ANALYZER_NUMBER_OBJECT_CONVERSION = YES_AGGRESSIVE;
				CLANG_CXX_LANGUAGE_STANDARD = "gnu++14";
				CLANG_CXX_LIBRARY = "libc++";
				CLANG_ENABLE_MODULES = YES;
				CLANG_ENABLE_OBJC_ARC = YES;
				CLANG_ENABLE_OBJC_WEAK = YES;
				CLANG_WARN_BLOCK_CAPTURE_AUTORELEASING = YES;
				CLANG_WARN_BOOL_CONVERSION = YES;
				CLANG_WARN_COMMA = YES;
				CLANG_WARN_CONSTANT_CONVERSION = YES;
				CLANG_WARN_DEPRECATED_OBJC_IMPLEMENTATIONS = YES;
				CLANG_WARN_DIRECT_OBJC_ISA_USAGE = YES_ERROR;
				CLANG_WARN_DOCUMENTATION_COMMENTS = YES;
				CLANG_WARN_EMPTY_BODY = YES;
				CLANG_WARN_ENUM_CONVERSION = YES;
				CLANG_WARN_INFINITE_RECURSION = YES;
				CLANG_WARN_INT_CONVERSION = YES;
				CLANG_WARN_NON_LITERAL_NULL_CONVERSION = YES;
				CLANG_WARN_OBJC_IMPLICIT_RETAIN_SELF = YES;
				CLANG_WARN_OBJC_LITERAL_CONVERSION = YES;
				CLANG_WARN_OBJC_ROOT_CLASS = YES_ERROR;
				CLANG_WARN_RANGE_LOOP_ANALYSIS = YES;
				CLANG_WARN_STRICT_PROTOTYPES = YES;
				CLANG_WARN_SUSPICIOUS_MOVE = YES;
				CLANG_WARN_UNGUARDED_AVAILABILITY = YES_AGGRESSIVE;
				CLANG_WARN_UNREACHABLE_CODE = YES;
				CLANG_WARN__DUPLICATE_METHOD_MATCH = YES;
				CODE_SIGN_IDENTITY = "iPhone Developer";
				COPY_PHASE_STRIP = NO;
				DEBUG_INFORMATION_FORMAT = "dwarf-with-dsym";
				ENABLE_NS_ASSERTIONS = NO;
				ENABLE_STRICT_OBJC_MSGSEND = YES;
				GCC_C_LANGUAGE_STANDARD = gnu11;
				GCC_NO_COMMON_BLOCKS = YES;
				GCC_WARN_64_TO_32_BIT_CONVERSION = YES;
				GCC_WARN_ABOUT_RETURN_TYPE = YES_ERROR;
				GCC_WARN_UNDECLARED_SELECTOR = YES;
				GCC_WARN_UNINITIALIZED_AUTOS = YES_AGGRESSIVE;
				GCC_WARN_UNUSED_FUNCTION = YES;
				GCC_WARN_UNUSED_VARIABLE = YES;
				IPHONEOS_DEPLOYMENT_TARGET = 12.2;
				MTL_ENABLE_DEBUG_INFO = NO;
				MTL_FAST_MATH = YES;
				SDKROOT = iphoneos;
				SWIFT_COMPILATION_MODE = wholemodule;
				SWIFT_OPTIMIZATION_LEVEL = "-O";
				VALIDATE_PRODUCT = YES;
			};
			name = Release;
		};
		F124653322FFAEDB0022D700 /* Debug */ = {
			isa = XCBuildConfiguration;
			buildSettings = {
				ASSETCATALOG_COMPILER_APPICON_NAME = AppIcon;
				CODE_SIGN_STYLE = Automatic;
				DEVELOPMENT_TEAM = JN3KH5YSL6;
				INFOPLIST_FILE = Photorama/Info.plist;
				LD_RUNPATH_SEARCH_PATHS = (
					"$(inherited)",
					"@executable_path/Frameworks",
				);
				PRODUCT_BUNDLE_IDENTIFIER = tech.nohands.Photorama;
				PRODUCT_NAME = "$(TARGET_NAME)";
				SWIFT_VERSION = 5.0;
				TARGETED_DEVICE_FAMILY = "1,2";
			};
			name = Debug;
		};
		F124653422FFAEDB0022D700 /* Release */ = {
			isa = XCBuildConfiguration;
			buildSettings = {
				ASSETCATALOG_COMPILER_APPICON_NAME = AppIcon;
				CODE_SIGN_STYLE = Automatic;
				DEVELOPMENT_TEAM = JN3KH5YSL6;
				INFOPLIST_FILE = Photorama/Info.plist;
				LD_RUNPATH_SEARCH_PATHS = (
					"$(inherited)",
					"@executable_path/Frameworks",
				);
				PRODUCT_BUNDLE_IDENTIFIER = tech.nohands.Photorama;
				PRODUCT_NAME = "$(TARGET_NAME)";
				SWIFT_VERSION = 5.0;
				TARGETED_DEVICE_FAMILY = "1,2";
			};
			name = Release;
		};
		F124653622FFAEDB0022D700 /* Debug */ = {
			isa = XCBuildConfiguration;
			buildSettings = {
				ALWAYS_EMBED_SWIFT_STANDARD_LIBRARIES = YES;
				BUNDLE_LOADER = "$(TEST_HOST)";
				CODE_SIGN_STYLE = Automatic;
				DEVELOPMENT_TEAM = JN3KH5YSL6;
				INFOPLIST_FILE = PhotoramaTests/Info.plist;
				LD_RUNPATH_SEARCH_PATHS = (
					"$(inherited)",
					"@executable_path/Frameworks",
					"@loader_path/Frameworks",
				);
				PRODUCT_BUNDLE_IDENTIFIER = tech.nohands.PhotoramaTests;
				PRODUCT_NAME = "$(TARGET_NAME)";
				SWIFT_VERSION = 5.0;
				TARGETED_DEVICE_FAMILY = "1,2";
				TEST_HOST = "$(BUILT_PRODUCTS_DIR)/Photorama.app/Photorama";
			};
			name = Debug;
		};
		F124653722FFAEDB0022D700 /* Release */ = {
			isa = XCBuildConfiguration;
			buildSettings = {
				ALWAYS_EMBED_SWIFT_STANDARD_LIBRARIES = YES;
				BUNDLE_LOADER = "$(TEST_HOST)";
				CODE_SIGN_STYLE = Automatic;
				DEVELOPMENT_TEAM = JN3KH5YSL6;
				INFOPLIST_FILE = PhotoramaTests/Info.plist;
				LD_RUNPATH_SEARCH_PATHS = (
					"$(inherited)",
					"@executable_path/Frameworks",
					"@loader_path/Frameworks",
				);
				PRODUCT_BUNDLE_IDENTIFIER = tech.nohands.PhotoramaTests;
				PRODUCT_NAME = "$(TARGET_NAME)";
				SWIFT_VERSION = 5.0;
				TARGETED_DEVICE_FAMILY = "1,2";
				TEST_HOST = "$(BUILT_PRODUCTS_DIR)/Photorama.app/Photorama";
			};
			name = Release;
		};
		F124653922FFAEDB0022D700 /* Debug */ = {
			isa = XCBuildConfiguration;
			buildSettings = {
				ALWAYS_EMBED_SWIFT_STANDARD_LIBRARIES = YES;
				CODE_SIGN_STYLE = Automatic;
				DEVELOPMENT_TEAM = JN3KH5YSL6;
				INFOPLIST_FILE = PhotoramaUITests/Info.plist;
				LD_RUNPATH_SEARCH_PATHS = (
					"$(inherited)",
					"@executable_path/Frameworks",
					"@loader_path/Frameworks",
				);
				PRODUCT_BUNDLE_IDENTIFIER = tech.nohands.PhotoramaUITests;
				PRODUCT_NAME = "$(TARGET_NAME)";
				SWIFT_VERSION = 5.0;
				TARGETED_DEVICE_FAMILY = "1,2";
				TEST_TARGET_NAME = Photorama;
			};
			name = Debug;
		};
		F124653A22FFAEDB0022D700 /* Release */ = {
			isa = XCBuildConfiguration;
			buildSettings = {
				ALWAYS_EMBED_SWIFT_STANDARD_LIBRARIES = YES;
				CODE_SIGN_STYLE = Automatic;
				DEVELOPMENT_TEAM = JN3KH5YSL6;
				INFOPLIST_FILE = PhotoramaUITests/Info.plist;
				LD_RUNPATH_SEARCH_PATHS = (
					"$(inherited)",
					"@executable_path/Frameworks",
					"@loader_path/Frameworks",
				);
				PRODUCT_BUNDLE_IDENTIFIER = tech.nohands.PhotoramaUITests;
				PRODUCT_NAME = "$(TARGET_NAME)";
				SWIFT_VERSION = 5.0;
				TARGETED_DEVICE_FAMILY = "1,2";
				TEST_TARGET_NAME = Photorama;
			};
			name = Release;
		};
/* End XCBuildConfiguration section */

/* Begin XCConfigurationList section */
		F124650522FFAEDA0022D700 /* Build configuration list for PBXProject "Photorama" */ = {
			isa = XCConfigurationList;
			buildConfigurations = (
				F124653022FFAEDB0022D700 /* Debug */,
				F124653122FFAEDB0022D700 /* Release */,
			);
			defaultConfigurationIsVisible = 0;
			defaultConfigurationName = Release;
		};
		F124653222FFAEDB0022D700 /* Build configuration list for PBXNativeTarget "Photorama" */ = {
			isa = XCConfigurationList;
			buildConfigurations = (
				F124653322FFAEDB0022D700 /* Debug */,
				F124653422FFAEDB0022D700 /* Release */,
			);
			defaultConfigurationIsVisible = 0;
			defaultConfigurationName = Release;
		};
		F124653522FFAEDB0022D700 /* Build configuration list for PBXNativeTarget "PhotoramaTests" */ = {
			isa = XCConfigurationList;
			buildConfigurations = (
				F124653622FFAEDB0022D700 /* Debug */,
				F124653722FFAEDB0022D700 /* Release */,
			);
			defaultConfigurationIsVisible = 0;
			defaultConfigurationName = Release;
		};
		F124653822FFAEDB0022D700 /* Build configuration list for PBXNativeTarget "PhotoramaUITests" */ = {
			isa = XCConfigurationList;
			buildConfigurations = (
				F124653922FFAEDB0022D700 /* Debug */,
				F124653A22FFAEDB0022D700 /* Release */,
			);
			defaultConfigurationIsVisible = 0;
			defaultConfigurationName = Release;
		};
/* End XCConfigurationList section */

/* Begin XCVersionGroup section */
		F124654B2300D8B70022D700 /* Photorama.xcdatamodeld */ = {
			isa = XCVersionGroup;
			children = (
				F124654C2300D8B70022D700 /* Photorama.xcdatamodel */,
			);
			currentVersion = F124654C2300D8B70022D700 /* Photorama.xcdatamodel */;
			path = Photorama.xcdatamodeld;
			sourceTree = "<group>";
			versionGroupType = wrapper.xcdatamodel;
		};
/* End XCVersionGroup section */
	};
	rootObject = F124650222FFAEDA0022D700 /* Project object */;
}
